
Microsoft Visual Studio Solution File, Format Version 12.00
# Visual Studio 15
VisualStudioVersion = 15.0.26430.16
MinimumVisualStudioVersion = 10.0.40219.1
Project("{FAE04EC0-301F-11D3-BF4B-00C04F79EFBC}") = "MonoSymbolicateHelper.Tests", "MonoSymbolicateHelper.Tests\MonoSymbolicateHelper.Tests.csproj", "{576AF9D3-37B2-478B-A19F-40634AF9508C}"
EndProject
Project("{FAE04EC0-301F-11D3-BF4B-00C04F79EFBC}") = "MonoSymbolicateHelper.Core", "MonoSymbolicateHelper.Core\MonoSymbolicateHelper.Core.csproj", "{ADF7DB01-E100-44A3-B6AB-C7EB90DE4442}"
EndProject
Project("{FAE04EC0-301F-11D3-BF4B-00C04F79EFBC}") = "MonoSymbolicateHelper.Service", "MonoSymbolicateHelper.Service\MonoSymbolicateHelper.Service.csproj", "{7309F145-C967-413A-B0FB-4BE6CD22CA90}"
EndProject
Global
	GlobalSection(SolutionConfigurationPlatforms) = preSolution
		Debug|Any CPU = Debug|Any CPU
		Release|Any CPU = Release|Any CPU
	EndGlobalSection
	GlobalSection(ProjectConfigurationPlatforms) = postSolution
		{576AF9D3-37B2-478B-A19F-40634AF9508C}.Debug|Any CPU.ActiveCfg = Debug|Any CPU
		{576AF9D3-37B2-478B-A19F-40634AF9508C}.Debug|Any CPU.Build.0 = Debug|Any CPU
		{576AF9D3-37B2-478B-A19F-40634AF9508C}.Release|Any CPU.ActiveCfg = Release|Any CPU
		{576AF9D3-37B2-478B-A19F-40634AF9508C}.Release|Any CPU.Build.0 = Release|Any CPU
		{ADF7DB01-E100-44A3-B6AB-C7EB90DE4442}.Debug|Any CPU.ActiveCfg = Debug|Any CPU
		{ADF7DB01-E100-44A3-B6AB-C7EB90DE4442}.Debug|Any CPU.Build.0 = Debug|Any CPU
		{ADF7DB01-E100-44A3-B6AB-C7EB90DE4442}.Release|Any CPU.ActiveCfg = Release|Any CPU
		{ADF7DB01-E100-44A3-B6AB-C7EB90DE4442}.Release|Any CPU.Build.0 = Release|Any CPU
		{7309F145-C967-413A-B0FB-4BE6CD22CA90}.Debug|Any CPU.ActiveCfg = Debug|Any CPU
		{7309F145-C967-413A-B0FB-4BE6CD22CA90}.Debug|Any CPU.Build.0 = Debug|Any CPU
		{7309F145-C967-413A-B0FB-4BE6CD22CA90}.Release|Any CPU.ActiveCfg = Release|Any CPU
		{7309F145-C967-413A-B0FB-4BE6CD22CA90}.Release|Any CPU.Build.0 = Release|Any CPU
	EndGlobalSection
	GlobalSection(SolutionProperties) = preSolution
		HideSolutionNode = FALSE
	EndGlobalSection
EndGlobal
